
Microsoft Visual Studio Solution File, Format Version 12.00
# Visual Studio 15
VisualStudioVersion = 15.0.27004.2006
MinimumVisualStudioVersion = 10.0.40219.1
Project("{FAE04EC0-301F-11D3-BF4B-00C04F79EFBC}") = "MovieBuff", "RecyclerViewer\MovieBuff.csproj", "{C7F5D818-C203-47A2-AFB4-60078932730E}"
EndProject
Project("{FAE04EC0-301F-11D3-BF4B-00C04F79EFBC}") = "MovieBuff.Lib", "ClassLibrary2\MovieBuff.Lib.csproj", "{BCC8924A-3FC0-4CBE-98D9-906CB6DA9BD2}"
EndProject
Project("{FAE04EC0-301F-11D3-BF4B-00C04F79EFBC}") = "MovieBuff.Lib.Desktop", "MovieBuff.Lib.Desktop\MovieBuff.Lib.Desktop.csproj", "{A95BCE3A-1581-4414-A14C-C8373F9A0C06}"
EndProject
Project("{FAE04EC0-301F-11D3-BF4B-00C04F79EFBC}") = "MovieBuff.Test", "MovieBuff.Test\MovieBuff.Test.csproj", "{9554370E-7AC0-4217-8403-E4D16D8DD793}"
EndProject
Global
	GlobalSection(SolutionConfigurationPlatforms) = preSolution
		Debug|Any CPU = Debug|Any CPU
		Release|Any CPU = Release|Any CPU
	EndGlobalSection
	GlobalSection(ProjectConfigurationPlatforms) = postSolution
		{C7F5D818-C203-47A2-AFB4-60078932730E}.Debug|Any CPU.ActiveCfg = Debug|Any CPU
		{C7F5D818-C203-47A2-AFB4-60078932730E}.Debug|Any CPU.Build.0 = Debug|Any CPU
		{C7F5D818-C203-47A2-AFB4-60078932730E}.Debug|Any CPU.Deploy.0 = Debug|Any CPU
		{C7F5D818-C203-47A2-AFB4-60078932730E}.Release|Any CPU.ActiveCfg = Release|Any CPU
		{C7F5D818-C203-47A2-AFB4-60078932730E}.Release|Any CPU.Build.0 = Release|Any CPU
		{C7F5D818-C203-47A2-AFB4-60078932730E}.Release|Any CPU.Deploy.0 = Release|Any CPU
		{BCC8924A-3FC0-4CBE-98D9-906CB6DA9BD2}.Debug|Any CPU.ActiveCfg = Debug|Any CPU
		{BCC8924A-3FC0-4CBE-98D9-906CB6DA9BD2}.Debug|Any CPU.Build.0 = Debug|Any CPU
		{BCC8924A-3FC0-4CBE-98D9-906CB6DA9BD2}.Release|Any CPU.ActiveCfg = Release|Any CPU
		{BCC8924A-3FC0-4CBE-98D9-906CB6DA9BD2}.Release|Any CPU.Build.0 = Release|Any CPU
		{A95BCE3A-1581-4414-A14C-C8373F9A0C06}.Debug|Any CPU.ActiveCfg = Debug|Any CPU
		{A95BCE3A-1581-4414-A14C-C8373F9A0C06}.Debug|Any CPU.Build.0 = Debug|Any CPU
		{A95BCE3A-1581-4414-A14C-C8373F9A0C06}.Release|Any CPU.ActiveCfg = Release|Any CPU
		{A95BCE3A-1581-4414-A14C-C8373F9A0C06}.Release|Any CPU.Build.0 = Release|Any CPU
		{9554370E-7AC0-4217-8403-E4D16D8DD793}.Debug|Any CPU.ActiveCfg = Debug|Any CPU
		{9554370E-7AC0-4217-8403-E4D16D8DD793}.Debug|Any CPU.Build.0 = Debug|Any CPU
		{9554370E-7AC0-4217-8403-E4D16D8DD793}.Release|Any CPU.ActiveCfg = Release|Any CPU
		{9554370E-7AC0-4217-8403-E4D16D8DD793}.Release|Any CPU.Build.0 = Release|Any CPU
	EndGlobalSection
	GlobalSection(SolutionProperties) = preSolution
		HideSolutionNode = FALSE
	EndGlobalSection
	GlobalSection(ExtensibilityGlobals) = postSolution
		SolutionGuid = {F37E9188-9DEA-4FF6-AA0A-9F5D2B6779CA}
	EndGlobalSection
	GlobalSection(MonoDevelopProperties) = preSolution
		StartupItem = RecyclerViewer\RecyclerViewer.csproj
	EndGlobalSection
EndGlobal
