
Microsoft Visual Studio Solution File, Format Version 12.00
# Visual Studio Version 16
VisualStudioVersion = 16.0.30011.22
MinimumVisualStudioVersion = 10.0.40219.1
Project("{FAE04EC0-301F-11D3-BF4B-00C04F79EFBC}") = "MovieBuddy", "MovieBuddy\MovieBuddy.csproj", "{C7F5D818-C203-47A2-AFB4-60078932730E}"
EndProject
Global
	GlobalSection(SolutionConfigurationPlatforms) = preSolution
		Debug|Any CPU = Debug|Any CPU
		Release|Any CPU = Release|Any CPU
	EndGlobalSection
	GlobalSection(ProjectConfigurationPlatforms) = postSolution
		{C7F5D818-C203-47A2-AFB4-60078932730E}.Debug|Any CPU.ActiveCfg = Debug|Any CPU
		{C7F5D818-C203-47A2-AFB4-60078932730E}.Debug|Any CPU.Build.0 = Debug|Any CPU
		{C7F5D818-C203-47A2-AFB4-60078932730E}.Debug|Any CPU.Deploy.0 = Debug|Any CPU
		{C7F5D818-C203-47A2-AFB4-60078932730E}.Release|Any CPU.ActiveCfg = Release|Any CPU
		{C7F5D818-C203-47A2-AFB4-60078932730E}.Release|Any CPU.Build.0 = Release|Any CPU
		{C7F5D818-C203-47A2-AFB4-60078932730E}.Release|Any CPU.Deploy.0 = Release|Any CPU
	EndGlobalSection
	GlobalSection(SolutionProperties) = preSolution
		HideSolutionNode = FALSE
	EndGlobalSection
	GlobalSection(ExtensibilityGlobals) = postSolution
		SolutionGuid = {F37E9188-9DEA-4FF6-AA0A-9F5D2B6779CA}
	EndGlobalSection
	GlobalSection(MonoDevelopProperties) = preSolution
		StartupItem = MovieBuddy\MovieBuddy.csproj
	EndGlobalSection
EndGlobal
